
Microsoft Visual Studio Solution File, Format Version 12.00
# Visual Studio Version 17
VisualStudioVersion = 17.5.002.0
MinimumVisualStudioVersion = 10.0.40219.1
Project("{9A19103F-16F7-4668-BE54-9A1E7A4F7556}") = "Patrones", "Patrones.csproj", "{8E087447-AEB6-46A4-A2E2-6FD34C556ED3}"
EndProject
Global
	GlobalSection(SolutionConfigurationPlatforms) = preSolution
		Debug|Any CPU = Debug|Any CPU
		Release|Any CPU = Release|Any CPU
	EndGlobalSection
	GlobalSection(ProjectConfigurationPlatforms) = postSolution
		{8E087447-AEB6-46A4-A2E2-6FD34C556ED3}.Debug|Any CPU.ActiveCfg = Debug|Any CPU
		{8E087447-AEB6-46A4-A2E2-6FD34C556ED3}.Debug|Any CPU.Build.0 = Debug|Any CPU
		{8E087447-AEB6-46A4-A2E2-6FD34C556ED3}.Release|Any CPU.ActiveCfg = Release|Any CPU
		{8E087447-AEB6-46A4-A2E2-6FD34C556ED3}.Release|Any CPU.Build.0 = Release|Any CPU
	EndGlobalSection
	GlobalSection(SolutionProperties) = preSolution
		HideSolutionNode = FALSE
	EndGlobalSection
	GlobalSection(ExtensibilityGlobals) = postSolution
		SolutionGuid = {F7E77E25-8449-4FE1-9B1D-E988E8E485FC}
	EndGlobalSection
EndGlobal
